
Microsoft Visual Studio Solution File, Format Version 12.00
# Visual Studio Version 16
VisualStudioVersion = 16.0.29324.140
MinimumVisualStudioVersion = 10.0.40219.1
Project("{FAE04EC0-301F-11D3-BF4B-00C04F79EFBC}") = "SwashBuckleExample", "SwashBuckleExample\SwashBuckleExample.csproj", "{21C3619F-F1A2-46A3-AF75-BBE03C3ED571}"
EndProject
Global
	GlobalSection(SolutionConfigurationPlatforms) = preSolution
		Debug|Any CPU = Debug|Any CPU
		Release|Any CPU = Release|Any CPU
	EndGlobalSection
	GlobalSection(ProjectConfigurationPlatforms) = postSolution
		{21C3619F-F1A2-46A3-AF75-BBE03C3ED571}.Debug|Any CPU.ActiveCfg = Debug|Any CPU
		{21C3619F-F1A2-46A3-AF75-BBE03C3ED571}.Debug|Any CPU.Build.0 = Debug|Any CPU
		{21C3619F-F1A2-46A3-AF75-BBE03C3ED571}.Release|Any CPU.ActiveCfg = Release|Any CPU
		{21C3619F-F1A2-46A3-AF75-BBE03C3ED571}.Release|Any CPU.Build.0 = Release|Any CPU
	EndGlobalSection
	GlobalSection(SolutionProperties) = preSolution
		HideSolutionNode = FALSE
	EndGlobalSection
	GlobalSection(ExtensibilityGlobals) = postSolution
		SolutionGuid = {D317CD7B-81F5-411D-83B8-1B67D961AC53}
	EndGlobalSection
EndGlobal
